{
  "requires": true,
  "lockfileVersion": 1,
  "dependencies": {
    "@babel/runtime": {
      "version": "7.1.5",
      "resolved": "https://registry.npmjs.org/@babel/runtime/-/runtime-7.1.5.tgz",
      "integrity": "sha512-xKnPpXG/pvK1B90JkwwxSGii90rQGKtzcMt2gI5G6+M0REXaq6rOHsGC2ay6/d0Uje7zzvSzjEzfR3ENhFlrfA==",
      "requires": {
        "regenerator-runtime": "^0.12.0"
      }
    },
    "@deck.gl/core": {
      "version": "6.3.0",
      "resolved": "https://registry.npmjs.org/@deck.gl/core/-/core-6.3.0.tgz",
      "integrity": "sha512-I9WJdtLxxC+Kf6QqJzqLwiKhicSCI3zoc94n/lbS1rFtdV8A+GznObWLDizBDxL3y6F2EVVPkU7Br4Mwfg4m4Q==",
      "requires": {
        "luma.gl": "^6.3.0",
        "math.gl": "^2.2.0",
        "mjolnir.js": "^2.0.0",
        "probe.gl": "^2.0.1",
        "seer": "^0.2.4",
        "viewport-mercator-project": "^6.0.0"
      }
    },
    "@deck.gl/layers": {
      "version": "6.3.0",
      "resolved": "https://registry.npmjs.org/@deck.gl/layers/-/layers-6.3.0.tgz",
      "integrity": "sha512-wifO551zpD8che4qQ1EY1qjRtYV+HzKffcmkzNFIjm/1ysc9X8WXCQ1OIxjRLEx6EGy0qTx7C++p2DYq05CrZg==",
      "requires": {
        "@deck.gl/core": "^6.3.0",
        "d3-hexbin": "^0.2.1",
        "earcut": "^2.0.6"
      }
    },
    "@deck.gl/react": {
      "version": "6.3.0",
      "resolved": "https://registry.npmjs.org/@deck.gl/react/-/react-6.3.0.tgz",
      "integrity": "sha512-fGju0QXvL8ESCQST9jc1NHOrcLDZMfEJnERhNtn86xokQ4UxH2AIl0Mb4bZupdPkPJF5UcYBfwYnp7g5BPHIOQ==",
      "requires": {
        "@deck.gl/core": "^6.3.0",
        "prop-types": "^15.6.0"
      }
    },
    "d3-hexbin": {
      "version": "0.2.2",
      "resolved": "https://registry.npmjs.org/d3-hexbin/-/d3-hexbin-0.2.2.tgz",
      "integrity": "sha1-nFg32s/UcasFM3qeke8Qv8T5iDE="
    },
    "deck.gl": {
      "version": "6.3.0",
      "resolved": "https://registry.npmjs.org/deck.gl/-/deck.gl-6.3.0.tgz",
      "integrity": "sha512-DMJ+8d63KcqcNhM2+jJMg99icGv9ChpcIaDI7GCtktJQjXEhFLuOklnbXulujfqkjRWPfnq7NEd86zGabTYn+w==",
      "requires": {
        "@deck.gl/core": "^6.3.0",
        "@deck.gl/layers": "^6.3.0",
        "@deck.gl/react": "^6.3.0"
      }
    },
    "earcut": {
      "version": "2.1.3",
      "resolved": "https://registry.npmjs.org/earcut/-/earcut-2.1.3.tgz",
      "integrity": "sha512-AxdCdWUk1zzK/NuZ7e1ljj6IGC+VAdC3Qb7QQDsXpfNrc5IM8tL9nNXUmEGE6jRHTfZ10zhzRhtDmWVsR5pd3A=="
    },
    "gl-mat3": {
      "version": "1.0.0",
      "resolved": "https://registry.npmjs.org/gl-mat3/-/gl-mat3-1.0.0.tgz",
      "integrity": "sha1-iWMyGcpCk3mha5GF2V1BcTRTuRI="
    },
    "gl-mat4": {
      "version": "1.2.0",
      "resolved": "https://registry.npmjs.org/gl-mat4/-/gl-mat4-1.2.0.tgz",
      "integrity": "sha512-sT5C0pwB1/e9G9AvAoLsoaJtbMGjfd/jfxo8jMCKqYYEnjZuFvqV5rehqar0538EmssjdDeiEWnKyBSTw7quoA=="
    },
    "gl-quat": {
      "version": "1.0.0",
      "resolved": "https://registry.npmjs.org/gl-quat/-/gl-quat-1.0.0.tgz",
      "integrity": "sha1-CUXskjOG9FMpvl3DV7HIwtR1hsU=",
      "requires": {
        "gl-mat3": "^1.0.0",
        "gl-vec3": "^1.0.3",
        "gl-vec4": "^1.0.0"
      }
    },
    "gl-vec2": {
      "version": "1.3.0",
      "resolved": "https://registry.npmjs.org/gl-vec2/-/gl-vec2-1.3.0.tgz",
      "integrity": "sha512-YiqaAuNsheWmUV0Sa8k94kBB0D6RWjwZztyO+trEYS8KzJ6OQB/4686gdrf59wld4hHFIvaxynO3nRxpk1Ij/A=="
    },
    "gl-vec3": {
      "version": "1.1.3",
      "resolved": "https://registry.npmjs.org/gl-vec3/-/gl-vec3-1.1.3.tgz",
      "integrity": "sha512-jduKUqT0SGH02l8Yl+mV1yVsDfYgQAJyXGxkJQGyxPLHRiW25DwVIRPt6uvhrEMHftJfqhqKthRcyZqNEl9Xdw=="
    },
    "gl-vec4": {
      "version": "1.0.1",
      "resolved": "https://registry.npmjs.org/gl-vec4/-/gl-vec4-1.0.1.tgz",
      "integrity": "sha1-l9loeCgbFLUyy84QF4Xf0cs0CWQ="
    },
    "hammerjs": {
      "version": "2.0.8",
      "resolved": "https://registry.npmjs.org/hammerjs/-/hammerjs-2.0.8.tgz",
      "integrity": "sha1-BO93hiz/K7edMPdpIJWTAiK/YPE="
    },
    "js-tokens": {
      "version": "4.0.0",
      "resolved": "https://registry.npmjs.org/js-tokens/-/js-tokens-4.0.0.tgz",
      "integrity": "sha512-RdJUflcE3cUzKiMqQgsCu06FPu9UdIJO0beYbPhHN4k6apgJtifcoCtT9bcxOpYBtpD2kCM6Sbzg4CausW/PKQ=="
    },
    "loose-envify": {
      "version": "1.4.0",
      "resolved": "https://registry.npmjs.org/loose-envify/-/loose-envify-1.4.0.tgz",
      "integrity": "sha512-lyuxPGr/Wfhrlem2CL/UcnUc1zcqKAImBDzukY7Y5F/yQiNdko6+fRLevlw1HgMySw7f611UIY408EtxRSoK3Q==",
      "requires": {
        "js-tokens": "^3.0.0 || ^4.0.0"
      }
    },
    "luma.gl": {
      "version": "6.3.0",
      "resolved": "https://registry.npmjs.org/luma.gl/-/luma.gl-6.3.0.tgz",
      "integrity": "sha512-d27IdSOQxeozLVTpt53e2PkUHeuvd5yAP5pSxSPgd5PwjzbRTIc1qqL1mFk1uSN9XJ5SrFqufRWr/sZfmRsPbw==",
      "requires": {
        "@babel/runtime": "^7.0.0",
        "math.gl": "^2.2.0",
        "probe.gl": "^2.0.1",
        "seer": "^0.2.4",
        "webgl-debug": "^2.0.0"
      }
    },
    "math.gl": {
      "version": "2.2.0",
      "resolved": "https://registry.npmjs.org/math.gl/-/math.gl-2.2.0.tgz",
      "integrity": "sha512-HIaDMt7zzeTx77k+9jrDpvpO6UTqrdMk+PkTmSLAIamnxAHTHmvnpxM7CYiJFP+SPNcD7Mp+y1wx8BlvJM+lmw==",
      "requires": {
        "@babel/runtime": "^7.0.0",
        "gl-mat3": "^1.0.0",
        "gl-mat4": "^1.1.4",
        "gl-quat": "^1.0.0",
        "gl-vec2": "^1.0.0",
        "gl-vec3": "^1.0.3",
        "gl-vec4": "^1.0.1"
      }
    },
    "mjolnir.js": {
      "version": "2.0.1",
      "resolved": "https://registry.npmjs.org/mjolnir.js/-/mjolnir.js-2.0.1.tgz",
      "integrity": "sha512-//lnL0f01D4nlzU/ORrBuQm62K2fv6coNb1f5j1vCN+TQkkG9Ede17O+gqGYajXTm0kl+tqPXbhkqSKOGLUCtA==",
      "requires": {
        "@babel/runtime": "^7.0.0",
        "hammerjs": "^2.0.8"
      }
    },
    "object-assign": {
      "version": "4.1.1",
      "resolved": "https://registry.npmjs.org/object-assign/-/object-assign-4.1.1.tgz",
      "integrity": "sha1-IQmtx5ZYh8/AXLvUQsrIv7s2CGM="
    },
    "probe.gl": {
      "version": "2.0.1",
      "resolved": "https://registry.npmjs.org/probe.gl/-/probe.gl-2.0.1.tgz",
      "integrity": "sha512-BNL0Eys0VzoM82gD9sUF3WQmzFv3LNV5WH8LzwYeGOKG1ro2TxVaOSKKD92TVK1qjg9miOiCh7S1ppGS9c1ylQ==",
      "requires": {
        "@babel/runtime": "^7.0.0"
      }
    },
    "prop-types": {
      "version": "15.6.2",
      "resolved": "https://registry.npmjs.org/prop-types/-/prop-types-15.6.2.tgz",
      "integrity": "sha512-3pboPvLiWD7dkI3qf3KbUe6hKFKa52w+AE0VCqECtf+QHAKgOL37tTaNCnuX1nAAQ4ZhyP+kYVKf8rLmJ/feDQ==",
      "requires": {
        "loose-envify": "^1.3.1",
        "object-assign": "^4.1.1"
      }
    },
    "regenerator-runtime": {
      "version": "0.12.1",
      "resolved": "https://registry.npmjs.org/regenerator-runtime/-/regenerator-runtime-0.12.1.tgz",
      "integrity": "sha512-odxIc1/vDlo4iZcfXqRYFj0vpXFNoGdKMAUieAlFYO6m/nl5e9KR/beGf41z4a1FI+aQgtjhuaSlDxQ0hmkrHg=="
    },
    "seer": {
      "version": "0.2.4",
      "resolved": "https://registry.npmjs.org/seer/-/seer-0.2.4.tgz",
      "integrity": "sha512-d+X19YtDXXK3giW0xYO7DTzLfSqsFoq9gFr0j1g3SqyX63uhbQnZ/UZIJ1Xcr24I3e4JLKqg85q8bbpAOkKNGw=="
    },
    "viewport-mercator-project": {
      "version": "6.0.0",
      "resolved": "https://registry.npmjs.org/viewport-mercator-project/-/viewport-mercator-project-6.0.0.tgz",
      "integrity": "sha512-9PNfBPAmwWMaKquWj4CiaXGz+SDguDi61DfIvLZxfJyl82Lbi5dZwgb9UgnH4cLacqzvLwO/nr7Nth37GpQZIg==",
      "requires": {
        "@babel/runtime": "^7.0.0",
        "math.gl": "^2.1.0"
      }
    },
    "webgl-debug": {
      "version": "2.0.1",
      "resolved": "https://registry.npmjs.org/webgl-debug/-/webgl-debug-2.0.1.tgz",
      "integrity": "sha512-G7BOpMmqdc31X1nb3eqwVxw/v1MNV/ulgw7Bs+7+a/sn+fC0d0OiMkerA55C6+3BL2vULyJ3kZLPcEL5GbXzhw=="
    }
  }
}
